
Microsoft Visual Studio Solution File, Format Version 12.00
# Visual Studio Version 17
VisualStudioVersion = 17.5.002.0
MinimumVisualStudioVersion = 10.0.40219.1
Project("{9A19103F-16F7-4668-BE54-9A1E7A4F7556}") = "Conjuntos", "Conjuntos.csproj", "{D496C406-CE62-4708-A751-B885603E7219}"
EndProject
Global
	GlobalSection(SolutionConfigurationPlatforms) = preSolution
		Debug|Any CPU = Debug|Any CPU
		Release|Any CPU = Release|Any CPU
	EndGlobalSection
	GlobalSection(ProjectConfigurationPlatforms) = postSolution
		{D496C406-CE62-4708-A751-B885603E7219}.Debug|Any CPU.ActiveCfg = Debug|Any CPU
		{D496C406-CE62-4708-A751-B885603E7219}.Debug|Any CPU.Build.0 = Debug|Any CPU
		{D496C406-CE62-4708-A751-B885603E7219}.Release|Any CPU.ActiveCfg = Release|Any CPU
		{D496C406-CE62-4708-A751-B885603E7219}.Release|Any CPU.Build.0 = Release|Any CPU
	EndGlobalSection
	GlobalSection(SolutionProperties) = preSolution
		HideSolutionNode = FALSE
	EndGlobalSection
	GlobalSection(ExtensibilityGlobals) = postSolution
		SolutionGuid = {1C666383-B5CB-43A0-87B1-CE8510700344}
	EndGlobalSection
EndGlobal
